{
  "name": "@nasi/react-native",
  "version": "0.64.2",
  "lockfileVersion": 1,
  "requires": true,
  "dependencies": {
    "@rescript/react": {
      "version": "0.10.2",
      "resolved": "https://registry.npmjs.org/@rescript/react/-/react-0.10.2.tgz",
      "integrity": "sha512-Qe21P4WnrmrbhbEMQ4dpaXC1/iMMc7JmqjuSpZouSP+s41K5dCXUGY9sds30gajU74lSfJdG2PzSDYcNAcDyVA=="
    },
    "bs-platform": {
      "version": "9.0.2",
      "resolved": "https://registry.npmjs.org/bs-platform/-/bs-platform-9.0.2.tgz",
      "integrity": "sha512-Ye9JqJ4Oa7mcjjoOVRYI8Uc2Cf8N7jQLWDcdUplY7996d/YErSR7WitmV7XnSwr4EvdrbwjEsg1NxNjUQv3ChA==",
      "dev": true
    },
    "rescript-react-native": {
      "version": "0.64.2",
      "resolved": "https://registry.npmjs.org/rescript-react-native/-/rescript-react-native-0.64.2.tgz",
      "integrity": "sha512-gj/RwquWhQh17JiK6AlyIMkh8wy0U8tIRAiWlZyfShS06/5qCIgMlkJbYY/b4UiJNxYASDKeJNIRWyH3fJ8wVQ=="
    }
  }
}
